
Microsoft Visual Studio Solution File, Format Version 12.00
# Visual Studio 15
VisualStudioVersion = 15.0.27004.2008
MinimumVisualStudioVersion = 10.0.40219.1
Project("{9A19103F-16F7-4668-BE54-9A1E7A4F7556}") = "utils", "utils\utils.csproj", "{EDC0F6D8-B142-4B99-8B8F-1CAD7BADC9A3}"
EndProject
Project("{9A19103F-16F7-4668-BE54-9A1E7A4F7556}") = "service", "service\service.csproj", "{C8D42EB3-050D-4213-AC53-3DF3E96328C1}"
EndProject
Project("{9A19103F-16F7-4668-BE54-9A1E7A4F7556}") = "web", "web\web.csproj", "{08CA277A-A6E8-4D09-80BA-0D5074D511B3}"
EndProject
Global
	GlobalSection(SolutionConfigurationPlatforms) = preSolution
		Debug|Any CPU = Debug|Any CPU
		Release|Any CPU = Release|Any CPU
	EndGlobalSection
	GlobalSection(ProjectConfigurationPlatforms) = postSolution
		{EDC0F6D8-B142-4B99-8B8F-1CAD7BADC9A3}.Debug|Any CPU.ActiveCfg = Debug|Any CPU
		{EDC0F6D8-B142-4B99-8B8F-1CAD7BADC9A3}.Debug|Any CPU.Build.0 = Debug|Any CPU
		{EDC0F6D8-B142-4B99-8B8F-1CAD7BADC9A3}.Release|Any CPU.ActiveCfg = Release|Any CPU
		{EDC0F6D8-B142-4B99-8B8F-1CAD7BADC9A3}.Release|Any CPU.Build.0 = Release|Any CPU
		{C8D42EB3-050D-4213-AC53-3DF3E96328C1}.Debug|Any CPU.ActiveCfg = Debug|Any CPU
		{C8D42EB3-050D-4213-AC53-3DF3E96328C1}.Debug|Any CPU.Build.0 = Debug|Any CPU
		{C8D42EB3-050D-4213-AC53-3DF3E96328C1}.Release|Any CPU.ActiveCfg = Release|Any CPU
		{C8D42EB3-050D-4213-AC53-3DF3E96328C1}.Release|Any CPU.Build.0 = Release|Any CPU
		{08CA277A-A6E8-4D09-80BA-0D5074D511B3}.Debug|Any CPU.ActiveCfg = Debug|Any CPU
		{08CA277A-A6E8-4D09-80BA-0D5074D511B3}.Debug|Any CPU.Build.0 = Debug|Any CPU
		{08CA277A-A6E8-4D09-80BA-0D5074D511B3}.Release|Any CPU.ActiveCfg = Release|Any CPU
		{08CA277A-A6E8-4D09-80BA-0D5074D511B3}.Release|Any CPU.Build.0 = Release|Any CPU
	EndGlobalSection
	GlobalSection(SolutionProperties) = preSolution
		HideSolutionNode = FALSE
	EndGlobalSection
	GlobalSection(ExtensibilityGlobals) = postSolution
		SolutionGuid = {607AEB5B-734E-4E09-9D24-3EEA00FB4937}
	EndGlobalSection
EndGlobal
